# Generated by pub
# See https://dart.dev/tools/pub/glossary#lockfile
packages:
  http:
    dependency: "direct main"
    description:
      name: http
      sha256: "761a297c042deedc1c16169b"
      url: "https://pub.dev"
    source: hosted
    version: "1.2.0"
  provider:
    dependency: "direct main"
    description:
      name: provider
      sha256: "abc123def456"
      url: "https://pub.dev"
    source: hosted
    version: "6.1.1"
  shared_preferences:
    dependency: "direct main"
    description:
      name: shared_preferences
      sha256: "789ghi012jkl"
      url: "https://pub.dev"
    source: hosted
    version: "2.2.2"
  mockito:
    dependency: "direct dev"
    description:
      name: mockito
      sha256: "345mno678pqr"
      url: "https://pub.dev"
    source: hosted
    version: "5.4.3"
  meta:
    dependency: transitive
    description:
      name: meta
      sha256: "901stu234vwx"
      url: "https://pub.dev"
    source: hosted
    version: "1.11.0"
sdks:
  dart: ">=3.0.0 <4.0.0"
